
Microsoft Visual Studio Solution File, Format Version 12.00
# Visual Studio Version 17
VisualStudioVersion = 17.9.34728.123
MinimumVisualStudioVersion = 10.0.40219.1
Project("{FAE04EC0-301F-11D3-BF4B-00C04F79EFBC}") = "Jobmatch", "Jobmatch\Jobmatch.csproj", "{8417312B-083D-4389-A60F-04F47198A4C5}"
EndProject
Global
	GlobalSection(SolutionConfigurationPlatforms) = preSolution
		Debug|Any CPU = Debug|Any CPU
		Release|Any CPU = Release|Any CPU
	EndGlobalSection
	GlobalSection(ProjectConfigurationPlatforms) = postSolution
		{8417312B-083D-4389-A60F-04F47198A4C5}.Debug|Any CPU.ActiveCfg = Debug|Any CPU
		{8417312B-083D-4389-A60F-04F47198A4C5}.Debug|Any CPU.Build.0 = Debug|Any CPU
		{8417312B-083D-4389-A60F-04F47198A4C5}.Release|Any CPU.ActiveCfg = Release|Any CPU
		{8417312B-083D-4389-A60F-04F47198A4C5}.Release|Any CPU.Build.0 = Release|Any CPU
	EndGlobalSection
	GlobalSection(SolutionProperties) = preSolution
		HideSolutionNode = FALSE
	EndGlobalSection
	GlobalSection(ExtensibilityGlobals) = postSolution
		SolutionGuid = {2238DAB2-AC2A-4118-AE67-F425F01047D5}
	EndGlobalSection
EndGlobal
